
Microsoft Visual Studio Solution File, Format Version 12.00
# Visual Studio 15
VisualStudioVersion = 15.0.28010.2026
MinimumVisualStudioVersion = 10.0.40219.1
Project("{FAE04EC0-301F-11D3-BF4B-00C04F79EFBC}") = "MegaDesk-3-TammyDresen", "MegaDesk-3-TammyDresen\MegaDesk-3-TammyDresen.csproj", "{A9798421-C677-481E-85A6-BEFEA46C4D7E}"
EndProject
Global
	GlobalSection(SolutionConfigurationPlatforms) = preSolution
		Debug|Any CPU = Debug|Any CPU
		Release|Any CPU = Release|Any CPU
	EndGlobalSection
	GlobalSection(ProjectConfigurationPlatforms) = postSolution
		{A9798421-C677-481E-85A6-BEFEA46C4D7E}.Debug|Any CPU.ActiveCfg = Debug|Any CPU
		{A9798421-C677-481E-85A6-BEFEA46C4D7E}.Debug|Any CPU.Build.0 = Debug|Any CPU
		{A9798421-C677-481E-85A6-BEFEA46C4D7E}.Release|Any CPU.ActiveCfg = Release|Any CPU
		{A9798421-C677-481E-85A6-BEFEA46C4D7E}.Release|Any CPU.Build.0 = Release|Any CPU
	EndGlobalSection
	GlobalSection(SolutionProperties) = preSolution
		HideSolutionNode = FALSE
	EndGlobalSection
	GlobalSection(ExtensibilityGlobals) = postSolution
		SolutionGuid = {5D7E1B0A-DC43-486B-BF82-3CF5401F7140}
	EndGlobalSection
EndGlobal
